// !$*UTF8*$!
{
	archiveVersion = 1;
	classes = {
	};
	objectVersion = 50;
	objects = {

/* Begin PBXBuildFile section */
		26040D7F25F15629005BF921 /* ASCII.swift in Sources */ = {isa = PBXBuildFile; fileRef = 26040D7E25F15629005BF921 /* ASCII.swift */; };
		26040D8325F15753005BF921 /* ASCIITable.swift in Sources */ = {isa = PBXBuildFile; fileRef = 26040D8225F15753005BF921 /* ASCIITable.swift */; };
		2613B0ED25FCA9FF00DDE737 /* KeyboardViewModel.swift in Sources */ = {isa = PBXBuildFile; fileRef = 2613B0EC25FCA9FF00DDE737 /* KeyboardViewModel.swift */; };
		261ED5FF25F7B226004DADB3 /* UIWindow.swift in Sources */ = {isa = PBXBuildFile; fileRef = 261ED5FE25F7B226004DADB3 /* UIWindow.swift */; };
		2620921B2600B2FE0001904B /* FigletView.swift in Sources */ = {isa = PBXBuildFile; fileRef = 2620921A2600B2FE0001904B /* FigletView.swift */; };
		262092252600B7250001904B /* FigletTypeface.swift in Sources */ = {isa = PBXBuildFile; fileRef = 262092242600B7250001904B /* FigletTypeface.swift */; };
		2620922E2600C5420001904B /* ASCIIViewModel.swift in Sources */ = {isa = PBXBuildFile; fileRef = 2620922D2600C5420001904B /* ASCIIViewModel.swift */; };
		2634DE4225FBC0A800FE8A65 /* GraphViewModel.swift in Sources */ = {isa = PBXBuildFile; fileRef = 2634DE4125FBC0A800FE8A65 /* GraphViewModel.swift */; };
		2636248E25FCBB2900B490B4 /* FigletFont.swift in Sources */ = {isa = PBXBuildFile; fileRef = 2636248D25FCBB2900B490B4 /* FigletFont.swift */; };
		263F440125EAB5C700D069B6 /* ANSIRegularFiglets.swift in Sources */ = {isa = PBXBuildFile; fileRef = 263F440025EAB5C700D069B6 /* ANSIRegularFiglets.swift */; };
		2641EF6325E4211D0005ABF7 /* TerminusTTF-4.46.0.ttf in Resources */ = {isa = PBXBuildFile; fileRef = 2641EF6225E4211D0005ABF7 /* TerminusTTF-4.46.0.ttf */; };
		2649527E260267DA0045BC21 /* Environment.swift in Sources */ = {isa = PBXBuildFile; fileRef = 2649527D260267DA0045BC21 /* Environment.swift */; };
		26500147260F316200414E89 /* DeviceRotationModifier.swift in Sources */ = {isa = PBXBuildFile; fileRef = 26500146260F316200414E89 /* DeviceRotationModifier.swift */; };
		26500159260F3C6200414E89 /* Keyboards.swift in Sources */ = {isa = PBXBuildFile; fileRef = 26500158260F3C6200414E89 /* Keyboards.swift */; };
		26500165260F455D00414E89 /* DeviceLandscapePreview.swift in Sources */ = {isa = PBXBuildFile; fileRef = 26500164260F455D00414E89 /* DeviceLandscapePreview.swift */; };
		2651294D25FA2D5F003F0FB2 /* Node.swift in Sources */ = {isa = PBXBuildFile; fileRef = 2651294C25FA2D5F003F0FB2 /* Node.swift */; };
		2654882326050B710044297D /* TerminalView.swift in Sources */ = {isa = PBXBuildFile; fileRef = 2654882226050B710044297D /* TerminalView.swift */; };
		2654882726050B7F0044297D /* TerminalContent.swift in Sources */ = {isa = PBXBuildFile; fileRef = 2654882626050B7F0044297D /* TerminalContent.swift */; };
		2654882B26050B920044297D /* TerminalCommandLine.swift in Sources */ = {isa = PBXBuildFile; fileRef = 2654882A26050B920044297D /* TerminalCommandLine.swift */; };
		2654883B26051B8B0044297D /* TestViewModel.swift in Sources */ = {isa = PBXBuildFile; fileRef = 2654883A26051B8B0044297D /* TestViewModel.swift */; };
		2654884B260524460044297D /* TerminalCommandPrompt.swift in Sources */ = {isa = PBXBuildFile; fileRef = 2654884A260524460044297D /* TerminalCommandPrompt.swift */; };
		2654884F2605247C0044297D /* KeyboardView.swift in Sources */ = {isa = PBXBuildFile; fileRef = 2654884E2605247C0044297D /* KeyboardView.swift */; };
		265848E9260BB48E009C0975 /* ASCIIArtSettings.swift in Sources */ = {isa = PBXBuildFile; fileRef = 265848E8260BB48E009C0975 /* ASCIIArtSettings.swift */; };
		265848EE260BB4A8009C0975 /* ASCIITestSettings.swift in Sources */ = {isa = PBXBuildFile; fileRef = 265848ED260BB4A8009C0975 /* ASCIITestSettings.swift */; };
		265848F2260BB4B5009C0975 /* ASCIIMessageSettings.swift in Sources */ = {isa = PBXBuildFile; fileRef = 265848F1260BB4B5009C0975 /* ASCIIMessageSettings.swift */; };
		265A00A825ED498300F479FA /* TerminalKeyboardView.swift in Sources */ = {isa = PBXBuildFile; fileRef = 265A00A725ED498300F479FA /* TerminalKeyboardView.swift */; };
		265A00AB25ED49EA00F479FA /* FontName.swift in Sources */ = {isa = PBXBuildFile; fileRef = 265A00AA25ED49EA00F479FA /* FontName.swift */; };
		26647D2025F8FD2900E32DE0 /* Figlet.swift in Sources */ = {isa = PBXBuildFile; fileRef = 26647D1F25F8FD2900E32DE0 /* Figlet.swift */; };
		26647D2425F906D900E32DE0 /* ASCIISymbol.swift in Sources */ = {isa = PBXBuildFile; fileRef = 26647D2325F906D900E32DE0 /* ASCIISymbol.swift */; };
		26647D2A25F94D1700E32DE0 /* ASCIITestNode.swift in Sources */ = {isa = PBXBuildFile; fileRef = 26647D2925F94D1700E32DE0 /* ASCIITestNode.swift */; };
		26647D2E25F94D4B00E32DE0 /* GraphContext.swift in Sources */ = {isa = PBXBuildFile; fileRef = 26647D2D25F94D4B00E32DE0 /* GraphContext.swift */; };
		267463E225DED49900624D7C /* BlurIn.swift in Sources */ = {isa = PBXBuildFile; fileRef = 267463E125DED49900624D7C /* BlurIn.swift */; };
		267463E525DED4B300624D7C /* StaticNoise.swift in Sources */ = {isa = PBXBuildFile; fileRef = 267463E425DED4B300624D7C /* StaticNoise.swift */; };
		267463E925DED6B000624D7C /* Curtain.swift in Sources */ = {isa = PBXBuildFile; fileRef = 267463E825DED6B000624D7C /* Curtain.swift */; };
		267463EC25DED87500624D7C /* CathodeView.swift in Sources */ = {isa = PBXBuildFile; fileRef = 267463EB25DED87500624D7C /* CathodeView.swift */; };
		267463F025DEDBDB00624D7C /* RefreshWave.swift in Sources */ = {isa = PBXBuildFile; fileRef = 267463EF25DEDBDB00624D7C /* RefreshWave.swift */; };
		2678D96D260E4D2700DDB40F /* KeyboardKeyView.swift in Sources */ = {isa = PBXBuildFile; fileRef = 2678D96C260E4D2700DDB40F /* KeyboardKeyView.swift */; };
		2678D972260E5D4A00DDB40F /* KeyboardSet.swift in Sources */ = {isa = PBXBuildFile; fileRef = 2678D971260E5D4A00DDB40F /* KeyboardSet.swift */; };
		2678D978260E5D5B00DDB40F /* KeyboardPart.swift in Sources */ = {isa = PBXBuildFile; fileRef = 2678D977260E5D5B00DDB40F /* KeyboardPart.swift */; };
		2678D97E260E5D8700DDB40F /* KeyboardKey.swift in Sources */ = {isa = PBXBuildFile; fileRef = 2678D97D260E5D8700DDB40F /* KeyboardKey.swift */; };
		2678D982260E818700DDB40F /* KeyboardSide.swift in Sources */ = {isa = PBXBuildFile; fileRef = 2678D981260E818700DDB40F /* KeyboardSide.swift */; };
		2678D986260E81BD00DDB40F /* Keyboard.swift in Sources */ = {isa = PBXBuildFile; fileRef = 2678D985260E81BD00DDB40F /* Keyboard.swift */; };
		267A0D4F260C823400844927 /* ASCIIArtNode.swift in Sources */ = {isa = PBXBuildFile; fileRef = 267A0D4E260C823400844927 /* ASCIIArtNode.swift */; };
		267A0D55260C823E00844927 /* ASCIIArtEdge.swift in Sources */ = {isa = PBXBuildFile; fileRef = 267A0D54260C823E00844927 /* ASCIIArtEdge.swift */; };
		267A0D5D260C847400844927 /* ASCIIPrintable.swift in Sources */ = {isa = PBXBuildFile; fileRef = 267A0D5C260C847400844927 /* ASCIIPrintable.swift */; };
		267A0D61260C84E300844927 /* ASCIIArtType.swift in Sources */ = {isa = PBXBuildFile; fileRef = 267A0D60260C84E300844927 /* ASCIIArtType.swift */; };
		267A0D65260C852000844927 /* ASCIIArtCollection.swift in Sources */ = {isa = PBXBuildFile; fileRef = 267A0D64260C852000844927 /* ASCIIArtCollection.swift */; };
		267A0D74260C8BB400844927 /* AnimalASCIIArts.swift in Sources */ = {isa = PBXBuildFile; fileRef = 267A0D73260C8BB400844927 /* AnimalASCIIArts.swift */; };
		26841012260A35A500C50F9A /* ViewSettings.swift in Sources */ = {isa = PBXBuildFile; fileRef = 26841011260A35A500C50F9A /* ViewSettings.swift */; };
		26841024260A67A700C50F9A /* FooASCINode.swift in Sources */ = {isa = PBXBuildFile; fileRef = 26841023260A67A700C50F9A /* FooASCINode.swift */; };
		26851AB025E5751E004B1E2E /* ANSIShadowFiglets.swift in Sources */ = {isa = PBXBuildFile; fileRef = 26851AAF25E5751E004B1E2E /* ANSIShadowFiglets.swift */; };
		2689DA7125EE74E900F8B2EE /* TerminalText.swift in Sources */ = {isa = PBXBuildFile; fileRef = 2689DA7025EE74E900F8B2EE /* TerminalText.swift */; };
		268D92D12608D83000A43802 /* GraphToolkit.swift in Sources */ = {isa = PBXBuildFile; fileRef = 268D92D02608D83000A43802 /* GraphToolkit.swift */; };
		268D92D72608E10700A43802 /* ContentViewModel.swift in Sources */ = {isa = PBXBuildFile; fileRef = 268D92D62608E10700A43802 /* ContentViewModel.swift */; };
		268D92DB2608E18A00A43802 /* SettingsViewModel.swift in Sources */ = {isa = PBXBuildFile; fileRef = 268D92DA2608E18A00A43802 /* SettingsViewModel.swift */; };
		268D92E3260901F300A43802 /* ASCIIArtView.swift in Sources */ = {isa = PBXBuildFile; fileRef = 268D92E2260901F300A43802 /* ASCIIArtView.swift */; };
		268D92E92609025400A43802 /* ASCIIArt.swift in Sources */ = {isa = PBXBuildFile; fileRef = 268D92E82609025400A43802 /* ASCIIArt.swift */; };
		26904A5A25F0CC87001BFBA5 /* README.md in Resources */ = {isa = PBXBuildFile; fileRef = 26904A5925F0CC87001BFBA5 /* README.md */; };
		26904A5D25F0CD26001BFBA5 /* TerminalSegue.swift in Sources */ = {isa = PBXBuildFile; fileRef = 26904A5C25F0CD26001BFBA5 /* TerminalSegue.swift */; };
		26ADBC0725FB9A420003AD54 /* EdgeBuilder.swift in Sources */ = {isa = PBXBuildFile; fileRef = 26ADBC0625FB9A420003AD54 /* EdgeBuilder.swift */; };
		26ADBC0D25FB9B5F0003AD54 /* Traversable.swift in Sources */ = {isa = PBXBuildFile; fileRef = 26ADBC0C25FB9B5F0003AD54 /* Traversable.swift */; };
		26ADBC1A25FBAAA10003AD54 /* Graphs.swift in Sources */ = {isa = PBXBuildFile; fileRef = 26ADBC1925FBAAA10003AD54 /* Graphs.swift */; };
		26AF9F4025FF7E2E00B77E0A /* ASCIITest.swift in Sources */ = {isa = PBXBuildFile; fileRef = 26AF9F3F25FF7E2E00B77E0A /* ASCIITest.swift */; };
		26AF9F4425FF7E7400B77E0A /* TestLevel.swift in Sources */ = {isa = PBXBuildFile; fileRef = 26AF9F4325FF7E7400B77E0A /* TestLevel.swift */; };
		26AF9F4A25FF7ECE00B77E0A /* TestType.swift in Sources */ = {isa = PBXBuildFile; fileRef = 26AF9F4925FF7ECE00B77E0A /* TestType.swift */; };
		26AF9F5625FF7FAC00B77E0A /* Testable.swift in Sources */ = {isa = PBXBuildFile; fileRef = 26AF9F5525FF7FAC00B77E0A /* Testable.swift */; };
		26AF9F5E25FF849800B77E0A /* TestResult.swift in Sources */ = {isa = PBXBuildFile; fileRef = 26AF9F5D25FF849800B77E0A /* TestResult.swift */; };
		26AF9F6425FF955A00B77E0A /* Tests.swift in Sources */ = {isa = PBXBuildFile; fileRef = 26AF9F6325FF955A00B77E0A /* Tests.swift */; };
		26AF9F7C25FFA69A00B77E0A /* TestsTests.swift in Sources */ = {isa = PBXBuildFile; fileRef = 26AF9F7B25FFA69A00B77E0A /* TestsTests.swift */; };
		26AF9F8625FFAD4600B77E0A /* String.swift in Sources */ = {isa = PBXBuildFile; fileRef = 26AF9F8525FFAD4600B77E0A /* String.swift */; };
		26B10A2126027B08007E7B65 /* Grid.swift in Sources */ = {isa = PBXBuildFile; fileRef = 26B10A2026027B08007E7B65 /* Grid.swift */; };
		26B39DBF25F6341F004E4D22 /* TerminalKeyboard.swift in Sources */ = {isa = PBXBuildFile; fileRef = 26B39DBE25F6341F004E4D22 /* TerminalKeyboard.swift */; };
		26B39DC225F63795004E4D22 /* TerminalKeyboardButton.swift in Sources */ = {isa = PBXBuildFile; fileRef = 26B39DC125F63795004E4D22 /* TerminalKeyboardButton.swift */; };
		26B39DC525F65741004E4D22 /* Bloom.swift in Sources */ = {isa = PBXBuildFile; fileRef = 26B39DC425F65741004E4D22 /* Bloom.swift */; };
		26BEC22A25DD3B0A0035065E /* hi414CApp.swift in Sources */ = {isa = PBXBuildFile; fileRef = 26BEC22925DD3B0A0035065E /* hi414CApp.swift */; };
		26BEC22C25DD3B0A0035065E /* ContentView.swift in Sources */ = {isa = PBXBuildFile; fileRef = 26BEC22B25DD3B0A0035065E /* ContentView.swift */; };
		26BEC22E25DD3B0B0035065E /* Assets.xcassets in Resources */ = {isa = PBXBuildFile; fileRef = 26BEC22D25DD3B0B0035065E /* Assets.xcassets */; };
		26BEC23125DD3B0B0035065E /* Preview Assets.xcassets in Resources */ = {isa = PBXBuildFile; fileRef = 26BEC23025DD3B0B0035065E /* Preview Assets.xcassets */; };
		26DA68C22609EF1300AF0583 /* ASCIIArtShaker.swift in Sources */ = {isa = PBXBuildFile; fileRef = 26DA68C12609EF1300AF0583 /* ASCIIArtShaker.swift */; };
		26DA68C82609F58C00AF0583 /* ASCIIArtShakerTests.swift in Sources */ = {isa = PBXBuildFile; fileRef = 26DA68C72609F58C00AF0583 /* ASCIIArtShakerTests.swift */; };
		26F7A6C125FA4FCE00F04156 /* hi414CTests.swift in Sources */ = {isa = PBXBuildFile; fileRef = 26F7A6C025FA4FCE00F04156 /* hi414CTests.swift */; };
		26F7A6CB25FA4FF800F04156 /* GraphTests.swift in Sources */ = {isa = PBXBuildFile; fileRef = 26F7A6CA25FA4FF800F04156 /* GraphTests.swift */; };
		26F7A6CF25FA583100F04156 /* Edge.swift in Sources */ = {isa = PBXBuildFile; fileRef = 26F7A6CE25FA583100F04156 /* Edge.swift */; };
		26F7A6D925FA592200F04156 /* ASCIITestEdge.swift in Sources */ = {isa = PBXBuildFile; fileRef = 26F7A6D825FA592200F04156 /* ASCIITestEdge.swift */; };
/* End PBXBuildFile section */

/* Begin PBXContainerItemProxy section */
		26F7A6C325FA4FCE00F04156 /* PBXContainerItemProxy */ = {
			isa = PBXContainerItemProxy;
			containerPortal = 26BEC21E25DD3B0A0035065E /* Project object */;
			proxyType = 1;
			remoteGlobalIDString = 26BEC22525DD3B0A0035065E;
			remoteInfo = hi414C;
		};
/* End PBXContainerItemProxy section */

/* Begin PBXFileReference section */
		26040D7E25F15629005BF921 /* ASCII.swift */ = {isa = PBXFileReference; lastKnownFileType = sourcecode.swift; path = ASCII.swift; sourceTree = "<group>"; };
		26040D8225F15753005BF921 /* ASCIITable.swift */ = {isa = PBXFileReference; lastKnownFileType = sourcecode.swift; path = ASCIITable.swift; sourceTree = "<group>"; };
		2613B0EC25FCA9FF00DDE737 /* KeyboardViewModel.swift */ = {isa = PBXFileReference; lastKnownFileType = sourcecode.swift; path = KeyboardViewModel.swift; sourceTree = "<group>"; };
		261ED5FE25F7B226004DADB3 /* UIWindow.swift */ = {isa = PBXFileReference; lastKnownFileType = sourcecode.swift; path = UIWindow.swift; sourceTree = "<group>"; };
		2620921A2600B2FE0001904B /* FigletView.swift */ = {isa = PBXFileReference; lastKnownFileType = sourcecode.swift; path = FigletView.swift; sourceTree = "<group>"; };
		262092242600B7250001904B /* FigletTypeface.swift */ = {isa = PBXFileReference; lastKnownFileType = sourcecode.swift; path = FigletTypeface.swift; sourceTree = "<group>"; };
		2620922D2600C5420001904B /* ASCIIViewModel.swift */ = {isa = PBXFileReference; lastKnownFileType = sourcecode.swift; path = ASCIIViewModel.swift; sourceTree = "<group>"; };
		2634DE4125FBC0A800FE8A65 /* GraphViewModel.swift */ = {isa = PBXFileReference; lastKnownFileType = sourcecode.swift; path = GraphViewModel.swift; sourceTree = "<group>"; };
		2636248D25FCBB2900B490B4 /* FigletFont.swift */ = {isa = PBXFileReference; lastKnownFileType = sourcecode.swift; path = FigletFont.swift; sourceTree = "<group>"; };
		263F440025EAB5C700D069B6 /* ANSIRegularFiglets.swift */ = {isa = PBXFileReference; lastKnownFileType = sourcecode.swift; path = ANSIRegularFiglets.swift; sourceTree = "<group>"; };
		2641EF6225E4211D0005ABF7 /* TerminusTTF-4.46.0.ttf */ = {isa = PBXFileReference; lastKnownFileType = file; path = "TerminusTTF-4.46.0.ttf"; sourceTree = "<group>"; };
		2649527D260267DA0045BC21 /* Environment.swift */ = {isa = PBXFileReference; lastKnownFileType = sourcecode.swift; path = Environment.swift; sourceTree = "<group>"; };
		26500146260F316200414E89 /* DeviceRotationModifier.swift */ = {isa = PBXFileReference; lastKnownFileType = sourcecode.swift; path = DeviceRotationModifier.swift; sourceTree = "<group>"; };
		26500158260F3C6200414E89 /* Keyboards.swift */ = {isa = PBXFileReference; lastKnownFileType = sourcecode.swift; path = Keyboards.swift; sourceTree = "<group>"; };
		26500164260F455D00414E89 /* DeviceLandscapePreview.swift */ = {isa = PBXFileReference; lastKnownFileType = sourcecode.swift; path = DeviceLandscapePreview.swift; sourceTree = "<group>"; };
		2651294C25FA2D5F003F0FB2 /* Node.swift */ = {isa = PBXFileReference; lastKnownFileType = sourcecode.swift; path = Node.swift; sourceTree = "<group>"; };
		2654882226050B710044297D /* TerminalView.swift */ = {isa = PBXFileReference; lastKnownFileType = sourcecode.swift; path = TerminalView.swift; sourceTree = "<group>"; };
		2654882626050B7F0044297D /* TerminalContent.swift */ = {isa = PBXFileReference; lastKnownFileType = sourcecode.swift; path = TerminalContent.swift; sourceTree = "<group>"; };
		2654882A26050B920044297D /* TerminalCommandLine.swift */ = {isa = PBXFileReference; lastKnownFileType = sourcecode.swift; path = TerminalCommandLine.swift; sourceTree = "<group>"; };
		2654883A26051B8B0044297D /* TestViewModel.swift */ = {isa = PBXFileReference; lastKnownFileType = sourcecode.swift; path = TestViewModel.swift; sourceTree = "<group>"; };
		2654884A260524460044297D /* TerminalCommandPrompt.swift */ = {isa = PBXFileReference; lastKnownFileType = sourcecode.swift; path = TerminalCommandPrompt.swift; sourceTree = "<group>"; };
		2654884E2605247C0044297D /* KeyboardView.swift */ = {isa = PBXFileReference; lastKnownFileType = sourcecode.swift; path = KeyboardView.swift; sourceTree = "<group>"; };
		265848E8260BB48E009C0975 /* ASCIIArtSettings.swift */ = {isa = PBXFileReference; lastKnownFileType = sourcecode.swift; path = ASCIIArtSettings.swift; sourceTree = "<group>"; };
		265848ED260BB4A8009C0975 /* ASCIITestSettings.swift */ = {isa = PBXFileReference; lastKnownFileType = sourcecode.swift; path = ASCIITestSettings.swift; sourceTree = "<group>"; };
		265848F1260BB4B5009C0975 /* ASCIIMessageSettings.swift */ = {isa = PBXFileReference; lastKnownFileType = sourcecode.swift; path = ASCIIMessageSettings.swift; sourceTree = "<group>"; };
		265A00A725ED498300F479FA /* TerminalKeyboardView.swift */ = {isa = PBXFileReference; lastKnownFileType = sourcecode.swift; path = TerminalKeyboardView.swift; sourceTree = "<group>"; };
		265A00AA25ED49EA00F479FA /* FontName.swift */ = {isa = PBXFileReference; lastKnownFileType = sourcecode.swift; path = FontName.swift; sourceTree = "<group>"; };
		26647D1F25F8FD2900E32DE0 /* Figlet.swift */ = {isa = PBXFileReference; lastKnownFileType = sourcecode.swift; path = Figlet.swift; sourceTree = "<group>"; };
		26647D2325F906D900E32DE0 /* ASCIISymbol.swift */ = {isa = PBXFileReference; lastKnownFileType = sourcecode.swift; path = ASCIISymbol.swift; sourceTree = "<group>"; };
		26647D2925F94D1700E32DE0 /* ASCIITestNode.swift */ = {isa = PBXFileReference; lastKnownFileType = sourcecode.swift; path = ASCIITestNode.swift; sourceTree = "<group>"; };
		26647D2D25F94D4B00E32DE0 /* GraphContext.swift */ = {isa = PBXFileReference; lastKnownFileType = sourcecode.swift; path = GraphContext.swift; sourceTree = "<group>"; };
		267463E125DED49900624D7C /* BlurIn.swift */ = {isa = PBXFileReference; lastKnownFileType = sourcecode.swift; path = BlurIn.swift; sourceTree = "<group>"; };
		267463E425DED4B300624D7C /* StaticNoise.swift */ = {isa = PBXFileReference; lastKnownFileType = sourcecode.swift; path = StaticNoise.swift; sourceTree = "<group>"; };
		267463E825DED6B000624D7C /* Curtain.swift */ = {isa = PBXFileReference; lastKnownFileType = sourcecode.swift; path = Curtain.swift; sourceTree = "<group>"; };
		267463EB25DED87500624D7C /* CathodeView.swift */ = {isa = PBXFileReference; lastKnownFileType = sourcecode.swift; path = CathodeView.swift; sourceTree = "<group>"; };
		267463EF25DEDBDB00624D7C /* RefreshWave.swift */ = {isa = PBXFileReference; lastKnownFileType = sourcecode.swift; path = RefreshWave.swift; sourceTree = "<group>"; };
		2678D96C260E4D2700DDB40F /* KeyboardKeyView.swift */ = {isa = PBXFileReference; lastKnownFileType = sourcecode.swift; path = KeyboardKeyView.swift; sourceTree = "<group>"; };
		2678D971260E5D4A00DDB40F /* KeyboardSet.swift */ = {isa = PBXFileReference; lastKnownFileType = sourcecode.swift; path = KeyboardSet.swift; sourceTree = "<group>"; };
		2678D977260E5D5B00DDB40F /* KeyboardPart.swift */ = {isa = PBXFileReference; lastKnownFileType = sourcecode.swift; path = KeyboardPart.swift; sourceTree = "<group>"; };
		2678D97D260E5D8700DDB40F /* KeyboardKey.swift */ = {isa = PBXFileReference; lastKnownFileType = sourcecode.swift; path = KeyboardKey.swift; sourceTree = "<group>"; };
		2678D981260E818700DDB40F /* KeyboardSide.swift */ = {isa = PBXFileReference; lastKnownFileType = sourcecode.swift; path = KeyboardSide.swift; sourceTree = "<group>"; };
		2678D985260E81BD00DDB40F /* Keyboard.swift */ = {isa = PBXFileReference; lastKnownFileType = sourcecode.swift; path = Keyboard.swift; sourceTree = "<group>"; };
		267A0D4E260C823400844927 /* ASCIIArtNode.swift */ = {isa = PBXFileReference; lastKnownFileType = sourcecode.swift; path = ASCIIArtNode.swift; sourceTree = "<group>"; };
		267A0D54260C823E00844927 /* ASCIIArtEdge.swift */ = {isa = PBXFileReference; lastKnownFileType = sourcecode.swift; path = ASCIIArtEdge.swift; sourceTree = "<group>"; };
		267A0D5C260C847400844927 /* ASCIIPrintable.swift */ = {isa = PBXFileReference; lastKnownFileType = sourcecode.swift; path = ASCIIPrintable.swift; sourceTree = "<group>"; };
		267A0D60260C84E300844927 /* ASCIIArtType.swift */ = {isa = PBXFileReference; lastKnownFileType = sourcecode.swift; path = ASCIIArtType.swift; sourceTree = "<group>"; };
		267A0D64260C852000844927 /* ASCIIArtCollection.swift */ = {isa = PBXFileReference; lastKnownFileType = sourcecode.swift; path = ASCIIArtCollection.swift; sourceTree = "<group>"; };
		267A0D73260C8BB400844927 /* AnimalASCIIArts.swift */ = {isa = PBXFileReference; lastKnownFileType = sourcecode.swift; path = AnimalASCIIArts.swift; sourceTree = "<group>"; };
		26841011260A35A500C50F9A /* ViewSettings.swift */ = {isa = PBXFileReference; lastKnownFileType = sourcecode.swift; path = ViewSettings.swift; sourceTree = "<group>"; };
		26841023260A67A700C50F9A /* FooASCINode.swift */ = {isa = PBXFileReference; lastKnownFileType = sourcecode.swift; path = FooASCINode.swift; sourceTree = "<group>"; };
		26851AAF25E5751E004B1E2E /* ANSIShadowFiglets.swift */ = {isa = PBXFileReference; lastKnownFileType = sourcecode.swift; path = ANSIShadowFiglets.swift; sourceTree = "<group>"; };
		2689DA7025EE74E900F8B2EE /* TerminalText.swift */ = {isa = PBXFileReference; lastKnownFileType = sourcecode.swift; path = TerminalText.swift; sourceTree = "<group>"; };
		268D92D02608D83000A43802 /* GraphToolkit.swift */ = {isa = PBXFileReference; lastKnownFileType = sourcecode.swift; path = GraphToolkit.swift; sourceTree = "<group>"; };
		268D92D62608E10700A43802 /* ContentViewModel.swift */ = {isa = PBXFileReference; lastKnownFileType = sourcecode.swift; path = ContentViewModel.swift; sourceTree = "<group>"; };
		268D92DA2608E18A00A43802 /* SettingsViewModel.swift */ = {isa = PBXFileReference; lastKnownFileType = sourcecode.swift; path = SettingsViewModel.swift; sourceTree = "<group>"; };
		268D92E2260901F300A43802 /* ASCIIArtView.swift */ = {isa = PBXFileReference; lastKnownFileType = sourcecode.swift; path = ASCIIArtView.swift; sourceTree = "<group>"; };
		268D92E82609025400A43802 /* ASCIIArt.swift */ = {isa = PBXFileReference; lastKnownFileType = sourcecode.swift; path = ASCIIArt.swift; sourceTree = "<group>"; };
		26904A5925F0CC87001BFBA5 /* README.md */ = {isa = PBXFileReference; lastKnownFileType = net.daringfireball.markdown; path = README.md; sourceTree = "<group>"; };
		26904A5C25F0CD26001BFBA5 /* TerminalSegue.swift */ = {isa = PBXFileReference; lastKnownFileType = sourcecode.swift; path = TerminalSegue.swift; sourceTree = "<group>"; };
		26ADBC0625FB9A420003AD54 /* EdgeBuilder.swift */ = {isa = PBXFileReference; lastKnownFileType = sourcecode.swift; path = EdgeBuilder.swift; sourceTree = "<group>"; };
		26ADBC0C25FB9B5F0003AD54 /* Traversable.swift */ = {isa = PBXFileReference; lastKnownFileType = sourcecode.swift; path = Traversable.swift; sourceTree = "<group>"; };
		26ADBC1925FBAAA10003AD54 /* Graphs.swift */ = {isa = PBXFileReference; lastKnownFileType = sourcecode.swift; path = Graphs.swift; sourceTree = "<group>"; };
		26AF9F3F25FF7E2E00B77E0A /* ASCIITest.swift */ = {isa = PBXFileReference; lastKnownFileType = sourcecode.swift; path = ASCIITest.swift; sourceTree = "<group>"; };
		26AF9F4325FF7E7400B77E0A /* TestLevel.swift */ = {isa = PBXFileReference; lastKnownFileType = sourcecode.swift; path = TestLevel.swift; sourceTree = "<group>"; };
		26AF9F4925FF7ECE00B77E0A /* TestType.swift */ = {isa = PBXFileReference; lastKnownFileType = sourcecode.swift; path = TestType.swift; sourceTree = "<group>"; };
		26AF9F5525FF7FAC00B77E0A /* Testable.swift */ = {isa = PBXFileReference; lastKnownFileType = sourcecode.swift; path = Testable.swift; sourceTree = "<group>"; };
		26AF9F5D25FF849800B77E0A /* TestResult.swift */ = {isa = PBXFileReference; lastKnownFileType = sourcecode.swift; path = TestResult.swift; sourceTree = "<group>"; };
		26AF9F6325FF955A00B77E0A /* Tests.swift */ = {isa = PBXFileReference; lastKnownFileType = sourcecode.swift; path = Tests.swift; sourceTree = "<group>"; };
		26AF9F7B25FFA69A00B77E0A /* TestsTests.swift */ = {isa = PBXFileReference; lastKnownFileType = sourcecode.swift; name = TestsTests.swift; path = hi414CTests/model/test/TestsTests.swift; sourceTree = SOURCE_ROOT; };
		26AF9F8525FFAD4600B77E0A /* String.swift */ = {isa = PBXFileReference; lastKnownFileType = sourcecode.swift; path = String.swift; sourceTree = "<group>"; };
		26B10A2026027B08007E7B65 /* Grid.swift */ = {isa = PBXFileReference; lastKnownFileType = sourcecode.swift; path = Grid.swift; sourceTree = "<group>"; };
		26B39DBE25F6341F004E4D22 /* TerminalKeyboard.swift */ = {isa = PBXFileReference; lastKnownFileType = sourcecode.swift; path = TerminalKeyboard.swift; sourceTree = "<group>"; };
		26B39DC125F63795004E4D22 /* TerminalKeyboardButton.swift */ = {isa = PBXFileReference; lastKnownFileType = sourcecode.swift; path = TerminalKeyboardButton.swift; sourceTree = "<group>"; };
		26B39DC425F65741004E4D22 /* Bloom.swift */ = {isa = PBXFileReference; lastKnownFileType = sourcecode.swift; path = Bloom.swift; sourceTree = "<group>"; };
		26BEC22625DD3B0A0035065E /* hi414C.app */ = {isa = PBXFileReference; explicitFileType = wrapper.application; includeInIndex = 0; path = hi414C.app; sourceTree = BUILT_PRODUCTS_DIR; };
		26BEC22925DD3B0A0035065E /* hi414CApp.swift */ = {isa = PBXFileReference; lastKnownFileType = sourcecode.swift; path = hi414CApp.swift; sourceTree = "<group>"; };
		26BEC22B25DD3B0A0035065E /* ContentView.swift */ = {isa = PBXFileReference; lastKnownFileType = sourcecode.swift; path = ContentView.swift; sourceTree = "<group>"; };
		26BEC22D25DD3B0B0035065E /* Assets.xcassets */ = {isa = PBXFileReference; lastKnownFileType = folder.assetcatalog; path = Assets.xcassets; sourceTree = "<group>"; };
		26BEC23025DD3B0B0035065E /* Preview Assets.xcassets */ = {isa = PBXFileReference; lastKnownFileType = folder.assetcatalog; path = "Preview Assets.xcassets"; sourceTree = "<group>"; };
		26BEC23225DD3B0B0035065E /* Info.plist */ = {isa = PBXFileReference; lastKnownFileType = text.plist.xml; path = Info.plist; sourceTree = "<group>"; };
		26DA68C12609EF1300AF0583 /* ASCIIArtShaker.swift */ = {isa = PBXFileReference; lastKnownFileType = sourcecode.swift; path = ASCIIArtShaker.swift; sourceTree = "<group>"; };
		26DA68C72609F58C00AF0583 /* ASCIIArtShakerTests.swift */ = {isa = PBXFileReference; lastKnownFileType = sourcecode.swift; name = ASCIIArtShakerTests.swift; path = hi414CTests/model/ascii/art/ASCIIArtShakerTests.swift; sourceTree = SOURCE_ROOT; };
		26F7A6BE25FA4FCE00F04156 /* hi414CTests.xctest */ = {isa = PBXFileReference; explicitFileType = wrapper.cfbundle; includeInIndex = 0; path = hi414CTests.xctest; sourceTree = BUILT_PRODUCTS_DIR; };
		26F7A6C025FA4FCE00F04156 /* hi414CTests.swift */ = {isa = PBXFileReference; lastKnownFileType = sourcecode.swift; path = hi414CTests.swift; sourceTree = "<group>"; };
		26F7A6C225FA4FCE00F04156 /* Info.plist */ = {isa = PBXFileReference; lastKnownFileType = text.plist.xml; path = Info.plist; sourceTree = "<group>"; };
		26F7A6CA25FA4FF800F04156 /* GraphTests.swift */ = {isa = PBXFileReference; lastKnownFileType = sourcecode.swift; path = GraphTests.swift; sourceTree = "<group>"; };
		26F7A6CE25FA583100F04156 /* Edge.swift */ = {isa = PBXFileReference; lastKnownFileType = sourcecode.swift; path = Edge.swift; sourceTree = "<group>"; };
		26F7A6D825FA592200F04156 /* ASCIITestEdge.swift */ = {isa = PBXFileReference; lastKnownFileType = sourcecode.swift; path = ASCIITestEdge.swift; sourceTree = "<group>"; };
/* End PBXFileReference section */

/* Begin PBXFrameworksBuildPhase section */
		26BEC22325DD3B0A0035065E /* Frameworks */ = {
			isa = PBXFrameworksBuildPhase;
			buildActionMask = 2147483647;
			files = (
			);
			runOnlyForDeploymentPostprocessing = 0;
		};
		26F7A6BB25FA4FCE00F04156 /* Frameworks */ = {
			isa = PBXFrameworksBuildPhase;
			buildActionMask = 2147483647;
			files = (
			);
			runOnlyForDeploymentPostprocessing = 0;
		};
/* End PBXFrameworksBuildPhase section */

/* Begin PBXGroup section */
		26040D8125F15745005BF921 /* ascii */ = {
			isa = PBXGroup;
			children = (
				268D92F02609064800A43802 /* art */,
				26647D1D25F8FC7100E32DE0 /* figlet */,
				26040D7E25F15629005BF921 /* ASCII.swift */,
				26040D8225F15753005BF921 /* ASCIITable.swift */,
				26647D2325F906D900E32DE0 /* ASCIISymbol.swift */,
				267A0D5C260C847400844927 /* ASCIIPrintable.swift */,
			);
			path = ascii;
			sourceTree = "<group>";
		};
		2613B0FA25FCB9F000DDE737 /* ansi */ = {
			isa = PBXGroup;
			children = (
				26851AAF25E5751E004B1E2E /* ANSIShadowFiglets.swift */,
				263F440025EAB5C700D069B6 /* ANSIRegularFiglets.swift */,
			);
			path = ansi;
			sourceTree = "<group>";
		};
		261ED5FD25F7B215004DADB3 /* utils */ = {
			isa = PBXGroup;
			children = (
				26AF9F8525FFAD4600B77E0A /* String.swift */,
				261ED5FE25F7B226004DADB3 /* UIWindow.swift */,
			);
			path = utils;
			sourceTree = "<group>";
		};
		2634DE4925FBC17200FE8A65 /* ascii */ = {
			isa = PBXGroup;
			children = (
				267A0D4D260C821C00844927 /* art */,
				267A0D4C260C821700844927 /* test */,
			);
			path = ascii;
			sourceTree = "<group>";
		};
		2641EF3C25E411B00005ABF7 /* figlet */ = {
			isa = PBXGroup;
			children = (
				2620921A2600B2FE0001904B /* FigletView.swift */,
			);
			path = figlet;
			sourceTree = "<group>";
		};
		2641EF5125E41D1A0005ABF7 /* font */ = {
			isa = PBXGroup;
			children = (
				2641EF6225E4211D0005ABF7 /* TerminusTTF-4.46.0.ttf */,
				265A00AA25ED49EA00F479FA /* FontName.swift */,
			);
			path = font;
			sourceTree = "<group>";
		};
		2641EF6525E422350005ABF7 /* cathode */ = {
			isa = PBXGroup;
			children = (
				267463DE25DED1A500624D7C /* effects */,
				267463EB25DED87500624D7C /* CathodeView.swift */,
			);
			path = cathode;
			sourceTree = "<group>";
		};
		2649528326026A1D0045BC21 /* environment */ = {
			isa = PBXGroup;
			children = (
				2649527D260267DA0045BC21 /* Environment.swift */,
			);
			path = environment;
			sourceTree = "<group>";
		};
		26500145260F312400414E89 /* device */ = {
			isa = PBXGroup;
			children = (
				26500146260F316200414E89 /* DeviceRotationModifier.swift */,
				26500164260F455D00414E89 /* DeviceLandscapePreview.swift */,
			);
			path = device;
			sourceTree = "<group>";
		};
		2654882126050B510044297D /* terminal */ = {
			isa = PBXGroup;
			children = (
				2654882226050B710044297D /* TerminalView.swift */,
				2654882626050B7F0044297D /* TerminalContent.swift */,
				2654882A26050B920044297D /* TerminalCommandLine.swift */,
				2654884A260524460044297D /* TerminalCommandPrompt.swift */,
			);
			path = terminal;
			sourceTree = "<group>";
		};
		26548835260519670044297D /* viewmodel */ = {
			isa = PBXGroup;
			children = (
				2620922D2600C5420001904B /* ASCIIViewModel.swift */,
				2634DE4125FBC0A800FE8A65 /* GraphViewModel.swift */,
				2613B0EC25FCA9FF00DDE737 /* KeyboardViewModel.swift */,
				2654883A26051B8B0044297D /* TestViewModel.swift */,
				268D92D62608E10700A43802 /* ContentViewModel.swift */,
				268D92DA2608E18A00A43802 /* SettingsViewModel.swift */,
			);
			path = viewmodel;
			sourceTree = "<group>";
		};
		265848EC260BB497009C0975 /* ascii */ = {
			isa = PBXGroup;
			children = (
				265848E8260BB48E009C0975 /* ASCIIArtSettings.swift */,
				265848ED260BB4A8009C0975 /* ASCIITestSettings.swift */,
				265848F1260BB4B5009C0975 /* ASCIIMessageSettings.swift */,
			);
			path = ascii;
			sourceTree = "<group>";
		};
		265A00A625ED490D00F479FA /* keyboard */ = {
			isa = PBXGroup;
			children = (
				26B39DBB25F63116004E4D22 /* terminal */,
				2654884E2605247C0044297D /* KeyboardView.swift */,
				2678D96C260E4D2700DDB40F /* KeyboardKeyView.swift */,
			);
			path = keyboard;
			sourceTree = "<group>";
		};
		26647D1D25F8FC7100E32DE0 /* figlet */ = {
			isa = PBXGroup;
			children = (
				2613B0FA25FCB9F000DDE737 /* ansi */,
				26647D1F25F8FD2900E32DE0 /* Figlet.swift */,
				2636248D25FCBB2900B490B4 /* FigletFont.swift */,
				262092242600B7250001904B /* FigletTypeface.swift */,
			);
			path = figlet;
			sourceTree = "<group>";
		};
		26647D2825F94D0D00E32DE0 /* graph */ = {
			isa = PBXGroup;
			children = (
				26F7A6DC25FA5B3400F04156 /* core */,
				2634DE4925FBC17200FE8A65 /* ascii */,
				26ADBC1925FBAAA10003AD54 /* Graphs.swift */,
			);
			path = graph;
			sourceTree = "<group>";
		};
		267463DB25DED18000624D7C /* view */ = {
			isa = PBXGroup;
			children = (
				26500145260F312400414E89 /* device */,
				268D92E0260901CF00A43802 /* ascii */,
				2641EF6525E422350005ABF7 /* cathode */,
				2649528326026A1D0045BC21 /* environment */,
				26B10A1F26027AFB007E7B65 /* grid */,
				265A00A625ED490D00F479FA /* keyboard */,
				26841009260A350100C50F9A /* settings */,
				2654882126050B510044297D /* terminal */,
				26BEC22B25DD3B0A0035065E /* ContentView.swift */,
			);
			path = view;
			sourceTree = "<group>";
		};
		267463DC25DED19600624D7C /* model */ = {
			isa = PBXGroup;
			children = (
				26040D8125F15745005BF921 /* ascii */,
				2641EF5125E41D1A0005ABF7 /* font */,
				26647D2825F94D0D00E32DE0 /* graph */,
				2678D970260E5D3400DDB40F /* keyboard */,
				2684100A260A352900C50F9A /* settings */,
				26AF9F4825FF7E9400B77E0A /* test */,
			);
			path = model;
			sourceTree = "<group>";
		};
		267463DE25DED1A500624D7C /* effects */ = {
			isa = PBXGroup;
			children = (
				267463E125DED49900624D7C /* BlurIn.swift */,
				267463E425DED4B300624D7C /* StaticNoise.swift */,
				267463E825DED6B000624D7C /* Curtain.swift */,
				267463EF25DEDBDB00624D7C /* RefreshWave.swift */,
				26B39DC425F65741004E4D22 /* Bloom.swift */,
			);
			path = effects;
			sourceTree = "<group>";
		};
		2678D970260E5D3400DDB40F /* keyboard */ = {
			isa = PBXGroup;
			children = (
				2678D985260E81BD00DDB40F /* Keyboard.swift */,
				2678D97D260E5D8700DDB40F /* KeyboardKey.swift */,
				2678D977260E5D5B00DDB40F /* KeyboardPart.swift */,
				26500158260F3C6200414E89 /* Keyboards.swift */,
				2678D971260E5D4A00DDB40F /* KeyboardSet.swift */,
				2678D981260E818700DDB40F /* KeyboardSide.swift */,
			);
			path = keyboard;
			sourceTree = "<group>";
		};
		267A0D4C260C821700844927 /* test */ = {
			isa = PBXGroup;
			children = (
				26647D2925F94D1700E32DE0 /* ASCIITestNode.swift */,
				26F7A6D825FA592200F04156 /* ASCIITestEdge.swift */,
				26841023260A67A700C50F9A /* FooASCINode.swift */,
			);
			path = test;
			sourceTree = "<group>";
		};
		267A0D4D260C821C00844927 /* art */ = {
			isa = PBXGroup;
			children = (
				267A0D4E260C823400844927 /* ASCIIArtNode.swift */,
				267A0D54260C823E00844927 /* ASCIIArtEdge.swift */,
			);
			path = art;
			sourceTree = "<group>";
		};
		267A0D72260C8B9B00844927 /* animal */ = {
			isa = PBXGroup;
			children = (
				267A0D73260C8BB400844927 /* AnimalASCIIArts.swift */,
			);
			path = animal;
			sourceTree = "<group>";
		};
		267E73FB25FFC5EF004E18E0 /* test */ = {
			isa = PBXGroup;
			children = (
				26AF9F7B25FFA69A00B77E0A /* TestsTests.swift */,
			);
			path = test;
			sourceTree = "<group>";
		};
		26841009260A350100C50F9A /* settings */ = {
			isa = PBXGroup;
			children = (
				26841011260A35A500C50F9A /* ViewSettings.swift */,
			);
			path = settings;
			sourceTree = "<group>";
		};
		2684100A260A352900C50F9A /* settings */ = {
			isa = PBXGroup;
			children = (
				265848EC260BB497009C0975 /* ascii */,
			);
			path = settings;
			sourceTree = "<group>";
		};
		268D92E0260901CF00A43802 /* ascii */ = {
			isa = PBXGroup;
			children = (
				268D92E1260901D900A43802 /* art */,
				2641EF3C25E411B00005ABF7 /* figlet */,
			);
			path = ascii;
			sourceTree = "<group>";
		};
		268D92E1260901D900A43802 /* art */ = {
			isa = PBXGroup;
			children = (
				268D92E2260901F300A43802 /* ASCIIArtView.swift */,
			);
			path = art;
			sourceTree = "<group>";
		};
		268D92F02609064800A43802 /* art */ = {
			isa = PBXGroup;
			children = (
				267A0D72260C8B9B00844927 /* animal */,
				268D92E82609025400A43802 /* ASCIIArt.swift */,
				26DA68C12609EF1300AF0583 /* ASCIIArtShaker.swift */,
				267A0D60260C84E300844927 /* ASCIIArtType.swift */,
				267A0D64260C852000844927 /* ASCIIArtCollection.swift */,
			);
			path = art;
			sourceTree = "<group>";
		};
		26AF9F4825FF7E9400B77E0A /* test */ = {
			isa = PBXGroup;
			children = (
				26AF9F4F25FF7F2400B77E0A /* ascii */,
				26AF9F4325FF7E7400B77E0A /* TestLevel.swift */,
				26AF9F4925FF7ECE00B77E0A /* TestType.swift */,
				26AF9F5D25FF849800B77E0A /* TestResult.swift */,
				26AF9F5525FF7FAC00B77E0A /* Testable.swift */,
				26AF9F6325FF955A00B77E0A /* Tests.swift */,
			);
			path = test;
			sourceTree = "<group>";
		};
		26AF9F4F25FF7F2400B77E0A /* ascii */ = {
			isa = PBXGroup;
			children = (
				26AF9F3F25FF7E2E00B77E0A /* ASCIITest.swift */,
			);
			path = ascii;
			sourceTree = "<group>";
		};
		26AF9F7525FFA62700B77E0A /* model */ = {
			isa = PBXGroup;
			children = (
				26DA68C52609F55B00AF0583 /* ascii */,
				267E73FB25FFC5EF004E18E0 /* test */,
				26AF9F7625FFA62D00B77E0A /* graph */,
			);
			path = model;
			sourceTree = "<group>";
		};
		26AF9F7625FFA62D00B77E0A /* graph */ = {
			isa = PBXGroup;
			children = (
				26F7A6CA25FA4FF800F04156 /* GraphTests.swift */,
			);
			path = graph;
			sourceTree = "<group>";
		};
		26B10A1F26027AFB007E7B65 /* grid */ = {
			isa = PBXGroup;
			children = (
				26B10A2026027B08007E7B65 /* Grid.swift */,
			);
			path = grid;
			sourceTree = "<group>";
		};
		26B39DBB25F63116004E4D22 /* terminal */ = {
			isa = PBXGroup;
			children = (
				265A00A725ED498300F479FA /* TerminalKeyboardView.swift */,
				2689DA7025EE74E900F8B2EE /* TerminalText.swift */,
				26904A5C25F0CD26001BFBA5 /* TerminalSegue.swift */,
				26B39DBE25F6341F004E4D22 /* TerminalKeyboard.swift */,
				26B39DC125F63795004E4D22 /* TerminalKeyboardButton.swift */,
			);
			path = terminal;
			sourceTree = "<group>";
		};
		26BEC21D25DD3B0A0035065E = {
			isa = PBXGroup;
			children = (
				26BEC22825DD3B0A0035065E /* hi414C */,
				26F7A6BF25FA4FCE00F04156 /* hi414CTests */,
				26BEC22725DD3B0A0035065E /* Products */,
			);
			sourceTree = "<group>";
		};
		26BEC22725DD3B0A0035065E /* Products */ = {
			isa = PBXGroup;
			children = (
				26BEC22625DD3B0A0035065E /* hi414C.app */,
				26F7A6BE25FA4FCE00F04156 /* hi414CTests.xctest */,
			);
			name = Products;
			sourceTree = "<group>";
		};
		26BEC22825DD3B0A0035065E /* hi414C */ = {
			isa = PBXGroup;
			children = (
				267463DC25DED19600624D7C /* model */,
				267463DB25DED18000624D7C /* view */,
				26548835260519670044297D /* viewmodel */,
				261ED5FD25F7B215004DADB3 /* utils */,
				26BEC22925DD3B0A0035065E /* hi414CApp.swift */,
				26BEC22D25DD3B0B0035065E /* Assets.xcassets */,
				26BEC23225DD3B0B0035065E /* Info.plist */,
				26BEC22F25DD3B0B0035065E /* Preview Content */,
				26904A5925F0CC87001BFBA5 /* README.md */,
			);
			path = hi414C;
			sourceTree = "<group>";
		};
		26BEC22F25DD3B0B0035065E /* Preview Content */ = {
			isa = PBXGroup;
			children = (
				26BEC23025DD3B0B0035065E /* Preview Assets.xcassets */,
			);
			path = "Preview Content";
			sourceTree = "<group>";
		};
		26DA68C52609F55B00AF0583 /* ascii */ = {
			isa = PBXGroup;
			children = (
				26DA68C62609F56100AF0583 /* art */,
			);
			path = ascii;
			sourceTree = "<group>";
		};
		26DA68C62609F56100AF0583 /* art */ = {
			isa = PBXGroup;
			children = (
				26DA68C72609F58C00AF0583 /* ASCIIArtShakerTests.swift */,
			);
			path = art;
			sourceTree = "<group>";
		};
		26F7A6BF25FA4FCE00F04156 /* hi414CTests */ = {
			isa = PBXGroup;
			children = (
				26AF9F7525FFA62700B77E0A /* model */,
				26F7A6C025FA4FCE00F04156 /* hi414CTests.swift */,
				26F7A6C225FA4FCE00F04156 /* Info.plist */,
			);
			path = hi414CTests;
			sourceTree = "<group>";
		};
		26F7A6DC25FA5B3400F04156 /* core */ = {
			isa = PBXGroup;
			children = (
				26F7A6DE25FA5B4A00F04156 /* node */,
				26F7A6DF25FA5B4E00F04156 /* edge */,
				26647D2D25F94D4B00E32DE0 /* GraphContext.swift */,
				268D92D02608D83000A43802 /* GraphToolkit.swift */,
			);
			path = core;
			sourceTree = "<group>";
		};
		26F7A6DE25FA5B4A00F04156 /* node */ = {
			isa = PBXGroup;
			children = (
				2651294C25FA2D5F003F0FB2 /* Node.swift */,
			);
			path = node;
			sourceTree = "<group>";
		};
		26F7A6DF25FA5B4E00F04156 /* edge */ = {
			isa = PBXGroup;
			children = (
				26F7A6CE25FA583100F04156 /* Edge.swift */,
				26ADBC0625FB9A420003AD54 /* EdgeBuilder.swift */,
				26ADBC0C25FB9B5F0003AD54 /* Traversable.swift */,
			);
			path = edge;
			sourceTree = "<group>";
		};
/* End PBXGroup section */

/* Begin PBXNativeTarget section */
		26BEC22525DD3B0A0035065E /* hi414C */ = {
			isa = PBXNativeTarget;
			buildConfigurationList = 26BEC23525DD3B0B0035065E /* Build configuration list for PBXNativeTarget "hi414C" */;
			buildPhases = (
				26BEC22225DD3B0A0035065E /* Sources */,
				26BEC22325DD3B0A0035065E /* Frameworks */,
				26BEC22425DD3B0A0035065E /* Resources */,
			);
			buildRules = (
			);
			dependencies = (
			);
			name = hi414C;
			productName = hi414C;
			productReference = 26BEC22625DD3B0A0035065E /* hi414C.app */;
			productType = "com.apple.product-type.application";
		};
		26F7A6BD25FA4FCE00F04156 /* hi414CTests */ = {
			isa = PBXNativeTarget;
			buildConfigurationList = 26F7A6C525FA4FCE00F04156 /* Build configuration list for PBXNativeTarget "hi414CTests" */;
			buildPhases = (
				26F7A6BA25FA4FCE00F04156 /* Sources */,
				26F7A6BB25FA4FCE00F04156 /* Frameworks */,
				26F7A6BC25FA4FCE00F04156 /* Resources */,
			);
			buildRules = (
			);
			dependencies = (
				26F7A6C425FA4FCE00F04156 /* PBXTargetDependency */,
			);
			name = hi414CTests;
			productName = hi414CTests;
			productReference = 26F7A6BE25FA4FCE00F04156 /* hi414CTests.xctest */;
			productType = "com.apple.product-type.bundle.unit-test";
		};
/* End PBXNativeTarget section */

/* Begin PBXProject section */
		26BEC21E25DD3B0A0035065E /* Project object */ = {
			isa = PBXProject;
			attributes = {
				LastSwiftUpdateCheck = 1240;
				LastUpgradeCheck = 1240;
				TargetAttributes = {
					26BEC22525DD3B0A0035065E = {
						CreatedOnToolsVersion = 12.4;
					};
					26F7A6BD25FA4FCE00F04156 = {
						CreatedOnToolsVersion = 12.4;
						TestTargetID = 26BEC22525DD3B0A0035065E;
					};
				};
			};
			buildConfigurationList = 26BEC22125DD3B0A0035065E /* Build configuration list for PBXProject "hi414C" */;
			compatibilityVersion = "Xcode 9.3";
			developmentRegion = en;
			hasScannedForEncodings = 0;
			knownRegions = (
				en,
				Base,
			);
			mainGroup = 26BEC21D25DD3B0A0035065E;
			productRefGroup = 26BEC22725DD3B0A0035065E /* Products */;
			projectDirPath = "";
			projectRoot = "";
			targets = (
				26BEC22525DD3B0A0035065E /* hi414C */,
				26F7A6BD25FA4FCE00F04156 /* hi414CTests */,
			);
		};
/* End PBXProject section */

/* Begin PBXResourcesBuildPhase section */
		26BEC22425DD3B0A0035065E /* Resources */ = {
			isa = PBXResourcesBuildPhase;
			buildActionMask = 2147483647;
			files = (
				2641EF6325E4211D0005ABF7 /* TerminusTTF-4.46.0.ttf in Resources */,
				26BEC23125DD3B0B0035065E /* Preview Assets.xcassets in Resources */,
				26904A5A25F0CC87001BFBA5 /* README.md in Resources */,
				26BEC22E25DD3B0B0035065E /* Assets.xcassets in Resources */,
			);
			runOnlyForDeploymentPostprocessing = 0;
		};
		26F7A6BC25FA4FCE00F04156 /* Resources */ = {
			isa = PBXResourcesBuildPhase;
			buildActionMask = 2147483647;
			files = (
			);
			runOnlyForDeploymentPostprocessing = 0;
		};
/* End PBXResourcesBuildPhase section */

/* Begin PBXSourcesBuildPhase section */
		26BEC22225DD3B0A0035065E /* Sources */ = {
			isa = PBXSourcesBuildPhase;
			buildActionMask = 2147483647;
			files = (
				2654882326050B710044297D /* TerminalView.swift in Sources */,
				267A0D4F260C823400844927 /* ASCIIArtNode.swift in Sources */,
				268D92D12608D83000A43802 /* GraphToolkit.swift in Sources */,
				2654884F2605247C0044297D /* KeyboardView.swift in Sources */,
				2654884B260524460044297D /* TerminalCommandPrompt.swift in Sources */,
				263F440125EAB5C700D069B6 /* ANSIRegularFiglets.swift in Sources */,
				268D92DB2608E18A00A43802 /* SettingsViewModel.swift in Sources */,
				2654883B26051B8B0044297D /* TestViewModel.swift in Sources */,
				26B39DC225F63795004E4D22 /* TerminalKeyboardButton.swift in Sources */,
				2620922E2600C5420001904B /* ASCIIViewModel.swift in Sources */,
				268D92E92609025400A43802 /* ASCIIArt.swift in Sources */,
				2678D982260E818700DDB40F /* KeyboardSide.swift in Sources */,
				26AF9F8625FFAD4600B77E0A /* String.swift in Sources */,
				26647D2A25F94D1700E32DE0 /* ASCIITestNode.swift in Sources */,
				26500147260F316200414E89 /* DeviceRotationModifier.swift in Sources */,
				267463F025DEDBDB00624D7C /* RefreshWave.swift in Sources */,
				26647D2425F906D900E32DE0 /* ASCIISymbol.swift in Sources */,
				265A00AB25ED49EA00F479FA /* FontName.swift in Sources */,
				2649527E260267DA0045BC21 /* Environment.swift in Sources */,
				265848EE260BB4A8009C0975 /* ASCIITestSettings.swift in Sources */,
				2654882726050B7F0044297D /* TerminalContent.swift in Sources */,
				267A0D74260C8BB400844927 /* AnimalASCIIArts.swift in Sources */,
				267463E525DED4B300624D7C /* StaticNoise.swift in Sources */,
				2678D986260E81BD00DDB40F /* Keyboard.swift in Sources */,
				262092252600B7250001904B /* FigletTypeface.swift in Sources */,
				26B39DBF25F6341F004E4D22 /* TerminalKeyboard.swift in Sources */,
				2634DE4225FBC0A800FE8A65 /* GraphViewModel.swift in Sources */,
				26841024260A67A700C50F9A /* FooASCINode.swift in Sources */,
				26ADBC1A25FBAAA10003AD54 /* Graphs.swift in Sources */,
				26841012260A35A500C50F9A /* ViewSettings.swift in Sources */,
				267A0D65260C852000844927 /* ASCIIArtCollection.swift in Sources */,
				26AF9F4A25FF7ECE00B77E0A /* TestType.swift in Sources */,
				268D92D72608E10700A43802 /* ContentViewModel.swift in Sources */,
				2636248E25FCBB2900B490B4 /* FigletFont.swift in Sources */,
				26F7A6D925FA592200F04156 /* ASCIITestEdge.swift in Sources */,
				2678D96D260E4D2700DDB40F /* KeyboardKeyView.swift in Sources */,
				26BEC22C25DD3B0A0035065E /* ContentView.swift in Sources */,
				265A00A825ED498300F479FA /* TerminalKeyboardView.swift in Sources */,
				2654882B26050B920044297D /* TerminalCommandLine.swift in Sources */,
				268D92E3260901F300A43802 /* ASCIIArtView.swift in Sources */,
				267463EC25DED87500624D7C /* CathodeView.swift in Sources */,
				26AF9F4025FF7E2E00B77E0A /* ASCIITest.swift in Sources */,
				26DA68C22609EF1300AF0583 /* ASCIIArtShaker.swift in Sources */,
				26F7A6CF25FA583100F04156 /* Edge.swift in Sources */,
				26647D2025F8FD2900E32DE0 /* Figlet.swift in Sources */,
				26647D2E25F94D4B00E32DE0 /* GraphContext.swift in Sources */,
				267463E925DED6B000624D7C /* Curtain.swift in Sources */,
				26040D8325F15753005BF921 /* ASCIITable.swift in Sources */,
				26AF9F6425FF955A00B77E0A /* Tests.swift in Sources */,
				26AF9F5625FF7FAC00B77E0A /* Testable.swift in Sources */,
				26851AB025E5751E004B1E2E /* ANSIShadowFiglets.swift in Sources */,
				261ED5FF25F7B226004DADB3 /* UIWindow.swift in Sources */,
				265848F2260BB4B5009C0975 /* ASCIIMessageSettings.swift in Sources */,
				2678D97E260E5D8700DDB40F /* KeyboardKey.swift in Sources */,
				267463E225DED49900624D7C /* BlurIn.swift in Sources */,
				2620921B2600B2FE0001904B /* FigletView.swift in Sources */,
				267A0D61260C84E300844927 /* ASCIIArtType.swift in Sources */,
				26500159260F3C6200414E89 /* Keyboards.swift in Sources */,
				267A0D55260C823E00844927 /* ASCIIArtEdge.swift in Sources */,
				2651294D25FA2D5F003F0FB2 /* Node.swift in Sources */,
				26AF9F5E25FF849800B77E0A /* TestResult.swift in Sources */,
				26ADBC0D25FB9B5F0003AD54 /* Traversable.swift in Sources */,
				265848E9260BB48E009C0975 /* ASCIIArtSettings.swift in Sources */,
				26ADBC0725FB9A420003AD54 /* EdgeBuilder.swift in Sources */,
				2678D972260E5D4A00DDB40F /* KeyboardSet.swift in Sources */,
				26B10A2126027B08007E7B65 /* Grid.swift in Sources */,
				2613B0ED25FCA9FF00DDE737 /* KeyboardViewModel.swift in Sources */,
				26904A5D25F0CD26001BFBA5 /* TerminalSegue.swift in Sources */,
				26500165260F455D00414E89 /* DeviceLandscapePreview.swift in Sources */,
				2689DA7125EE74E900F8B2EE /* TerminalText.swift in Sources */,
				26B39DC525F65741004E4D22 /* Bloom.swift in Sources */,
				26AF9F4425FF7E7400B77E0A /* TestLevel.swift in Sources */,
				26BEC22A25DD3B0A0035065E /* hi414CApp.swift in Sources */,
				2678D978260E5D5B00DDB40F /* KeyboardPart.swift in Sources */,
				26040D7F25F15629005BF921 /* ASCII.swift in Sources */,
				267A0D5D260C847400844927 /* ASCIIPrintable.swift in Sources */,
			);
			runOnlyForDeploymentPostprocessing = 0;
		};
		26F7A6BA25FA4FCE00F04156 /* Sources */ = {
			isa = PBXSourcesBuildPhase;
			buildActionMask = 2147483647;
			files = (
				26F7A6CB25FA4FF800F04156 /* GraphTests.swift in Sources */,
				26DA68C82609F58C00AF0583 /* ASCIIArtShakerTests.swift in Sources */,
				26AF9F7C25FFA69A00B77E0A /* TestsTests.swift in Sources */,
				26F7A6C125FA4FCE00F04156 /* hi414CTests.swift in Sources */,
			);
			runOnlyForDeploymentPostprocessing = 0;
		};
/* End PBXSourcesBuildPhase section */

/* Begin PBXTargetDependency section */
		26F7A6C425FA4FCE00F04156 /* PBXTargetDependency */ = {
			isa = PBXTargetDependency;
			target = 26BEC22525DD3B0A0035065E /* hi414C */;
			targetProxy = 26F7A6C325FA4FCE00F04156 /* PBXContainerItemProxy */;
		};
/* End PBXTargetDependency section */

/* Begin XCBuildConfiguration section */
		26BEC23325DD3B0B0035065E /* Debug */ = {
			isa = XCBuildConfiguration;
			buildSettings = {
				ALWAYS_SEARCH_USER_PATHS = NO;
				CLANG_ANALYZER_NONNULL = YES;
				CLANG_ANALYZER_NUMBER_OBJECT_CONVERSION = YES_AGGRESSIVE;
				CLANG_CXX_LANGUAGE_STANDARD = "gnu++14";
				CLANG_CXX_LIBRARY = "libc++";
				CLANG_ENABLE_MODULES = YES;
				CLANG_ENABLE_OBJC_ARC = YES;
				CLANG_ENABLE_OBJC_WEAK = YES;
				CLANG_WARN_BLOCK_CAPTURE_AUTORELEASING = YES;
				CLANG_WARN_BOOL_CONVERSION = YES;
				CLANG_WARN_COMMA = YES;
				CLANG_WARN_CONSTANT_CONVERSION = YES;
				CLANG_WARN_DEPRECATED_OBJC_IMPLEMENTATIONS = YES;
				CLANG_WARN_DIRECT_OBJC_ISA_USAGE = YES_ERROR;
				CLANG_WARN_DOCUMENTATION_COMMENTS = YES;
				CLANG_WARN_EMPTY_BODY = YES;
				CLANG_WARN_ENUM_CONVERSION = YES;
				CLANG_WARN_INFINITE_RECURSION = YES;
				CLANG_WARN_INT_CONVERSION = YES;
				CLANG_WARN_NON_LITERAL_NULL_CONVERSION = YES;
				CLANG_WARN_OBJC_IMPLICIT_RETAIN_SELF = YES;
				CLANG_WARN_OBJC_LITERAL_CONVERSION = YES;
				CLANG_WARN_OBJC_ROOT_CLASS = YES_ERROR;
				CLANG_WARN_QUOTED_INCLUDE_IN_FRAMEWORK_HEADER = YES;
				CLANG_WARN_RANGE_LOOP_ANALYSIS = YES;
				CLANG_WARN_STRICT_PROTOTYPES = YES;
				CLANG_WARN_SUSPICIOUS_MOVE = YES;
				CLANG_WARN_UNGUARDED_AVAILABILITY = YES_AGGRESSIVE;
				CLANG_WARN_UNREACHABLE_CODE = YES;
				CLANG_WARN__DUPLICATE_METHOD_MATCH = YES;
				COPY_PHASE_STRIP = NO;
				DEBUG_INFORMATION_FORMAT = dwarf;
				ENABLE_STRICT_OBJC_MSGSEND = YES;
				ENABLE_TESTABILITY = YES;
				GCC_C_LANGUAGE_STANDARD = gnu11;
				GCC_DYNAMIC_NO_PIC = NO;
				GCC_NO_COMMON_BLOCKS = YES;
				GCC_OPTIMIZATION_LEVEL = 0;
				GCC_PREPROCESSOR_DEFINITIONS = (
					"DEBUG=1",
					"$(inherited)",
				);
				GCC_WARN_64_TO_32_BIT_CONVERSION = YES;
				GCC_WARN_ABOUT_RETURN_TYPE = YES_ERROR;
				GCC_WARN_UNDECLARED_SELECTOR = YES;
				GCC_WARN_UNINITIALIZED_AUTOS = YES_AGGRESSIVE;
				GCC_WARN_UNUSED_FUNCTION = YES;
				GCC_WARN_UNUSED_VARIABLE = YES;
				IPHONEOS_DEPLOYMENT_TARGET = 14.4;
				MTL_ENABLE_DEBUG_INFO = INCLUDE_SOURCE;
				MTL_FAST_MATH = YES;
				ONLY_ACTIVE_ARCH = YES;
				SDKROOT = iphoneos;
				SWIFT_ACTIVE_COMPILATION_CONDITIONS = DEBUG;
				SWIFT_OPTIMIZATION_LEVEL = "-Onone";
			};
			name = Debug;
		};
		26BEC23425DD3B0B0035065E /* Release */ = {
			isa = XCBuildConfiguration;
			buildSettings = {
				ALWAYS_SEARCH_USER_PATHS = NO;
				CLANG_ANALYZER_NONNULL = YES;
				CLANG_ANALYZER_NUMBER_OBJECT_CONVERSION = YES_AGGRESSIVE;
				CLANG_CXX_LANGUAGE_STANDARD = "gnu++14";
				CLANG_CXX_LIBRARY = "libc++";
				CLANG_ENABLE_MODULES = YES;
				CLANG_ENABLE_OBJC_ARC = YES;
				CLANG_ENABLE_OBJC_WEAK = YES;
				CLANG_WARN_BLOCK_CAPTURE_AUTORELEASING = YES;
				CLANG_WARN_BOOL_CONVERSION = YES;
				CLANG_WARN_COMMA = YES;
				CLANG_WARN_CONSTANT_CONVERSION = YES;
				CLANG_WARN_DEPRECATED_OBJC_IMPLEMENTATIONS = YES;
				CLANG_WARN_DIRECT_OBJC_ISA_USAGE = YES_ERROR;
				CLANG_WARN_DOCUMENTATION_COMMENTS = YES;
				CLANG_WARN_EMPTY_BODY = YES;
				CLANG_WARN_ENUM_CONVERSION = YES;
				CLANG_WARN_INFINITE_RECURSION = YES;
				CLANG_WARN_INT_CONVERSION = YES;
				CLANG_WARN_NON_LITERAL_NULL_CONVERSION = YES;
				CLANG_WARN_OBJC_IMPLICIT_RETAIN_SELF = YES;
				CLANG_WARN_OBJC_LITERAL_CONVERSION = YES;
				CLANG_WARN_OBJC_ROOT_CLASS = YES_ERROR;
				CLANG_WARN_QUOTED_INCLUDE_IN_FRAMEWORK_HEADER = YES;
				CLANG_WARN_RANGE_LOOP_ANALYSIS = YES;
				CLANG_WARN_STRICT_PROTOTYPES = YES;
				CLANG_WARN_SUSPICIOUS_MOVE = YES;
				CLANG_WARN_UNGUARDED_AVAILABILITY = YES_AGGRESSIVE;
				CLANG_WARN_UNREACHABLE_CODE = YES;
				CLANG_WARN__DUPLICATE_METHOD_MATCH = YES;
				COPY_PHASE_STRIP = NO;
				DEBUG_INFORMATION_FORMAT = "dwarf-with-dsym";
				ENABLE_NS_ASSERTIONS = NO;
				ENABLE_STRICT_OBJC_MSGSEND = YES;
				GCC_C_LANGUAGE_STANDARD = gnu11;
				GCC_NO_COMMON_BLOCKS = YES;
				GCC_WARN_64_TO_32_BIT_CONVERSION = YES;
				GCC_WARN_ABOUT_RETURN_TYPE = YES_ERROR;
				GCC_WARN_UNDECLARED_SELECTOR = YES;
				GCC_WARN_UNINITIALIZED_AUTOS = YES_AGGRESSIVE;
				GCC_WARN_UNUSED_FUNCTION = YES;
				GCC_WARN_UNUSED_VARIABLE = YES;
				IPHONEOS_DEPLOYMENT_TARGET = 14.4;
				MTL_ENABLE_DEBUG_INFO = NO;
				MTL_FAST_MATH = YES;
				SDKROOT = iphoneos;
				SWIFT_COMPILATION_MODE = wholemodule;
				SWIFT_OPTIMIZATION_LEVEL = "-O";
				VALIDATE_PRODUCT = YES;
			};
			name = Release;
		};
		26BEC23625DD3B0B0035065E /* Debug */ = {
			isa = XCBuildConfiguration;
			buildSettings = {
				ASSETCATALOG_COMPILER_APPICON_NAME = AppIcon;
				ASSETCATALOG_COMPILER_GLOBAL_ACCENT_COLOR_NAME = AccentColor;
				CODE_SIGN_STYLE = Automatic;
				DEVELOPMENT_ASSET_PATHS = "\"hi414C/Preview Content\"";
				DEVELOPMENT_TEAM = PH88ZDAK72;
				ENABLE_PREVIEWS = YES;
				INFOPLIST_FILE = hi414C/Info.plist;
				IPHONEOS_DEPLOYMENT_TARGET = 14.0;
				LD_RUNPATH_SEARCH_PATHS = (
					"$(inherited)",
					"@executable_path/Frameworks",
				);
				PRODUCT_BUNDLE_IDENTIFIER = com.krynecouk.hi414C;
				PRODUCT_NAME = "$(TARGET_NAME)";
				SWIFT_VERSION = 5.0;
				TARGETED_DEVICE_FAMILY = "1,2";
			};
			name = Debug;
		};
		26BEC23725DD3B0B0035065E /* Release */ = {
			isa = XCBuildConfiguration;
			buildSettings = {
				ASSETCATALOG_COMPILER_APPICON_NAME = AppIcon;
				ASSETCATALOG_COMPILER_GLOBAL_ACCENT_COLOR_NAME = AccentColor;
				CODE_SIGN_STYLE = Automatic;
				DEVELOPMENT_ASSET_PATHS = "\"hi414C/Preview Content\"";
				DEVELOPMENT_TEAM = PH88ZDAK72;
				ENABLE_PREVIEWS = YES;
				INFOPLIST_FILE = hi414C/Info.plist;
				IPHONEOS_DEPLOYMENT_TARGET = 14.0;
				LD_RUNPATH_SEARCH_PATHS = (
					"$(inherited)",
					"@executable_path/Frameworks",
				);
				PRODUCT_BUNDLE_IDENTIFIER = com.krynecouk.hi414C;
				PRODUCT_NAME = "$(TARGET_NAME)";
				SWIFT_VERSION = 5.0;
				TARGETED_DEVICE_FAMILY = "1,2";
			};
			name = Release;
		};
		26F7A6C625FA4FCE00F04156 /* Debug */ = {
			isa = XCBuildConfiguration;
			buildSettings = {
				BUNDLE_LOADER = "$(TEST_HOST)";
				CODE_SIGN_STYLE = Automatic;
				DEVELOPMENT_TEAM = PH88ZDAK72;
				INFOPLIST_FILE = hi414CTests/Info.plist;
				LD_RUNPATH_SEARCH_PATHS = (
					"$(inherited)",
					"@executable_path/Frameworks",
					"@loader_path/Frameworks",
				);
				PRODUCT_BUNDLE_IDENTIFIER = com.krynecouk.hi414CTests;
				PRODUCT_NAME = "$(TARGET_NAME)";
				SWIFT_VERSION = 5.0;
				TARGETED_DEVICE_FAMILY = "1,2";
				TEST_HOST = "$(BUILT_PRODUCTS_DIR)/hi414C.app/hi414C";
			};
			name = Debug;
		};
		26F7A6C725FA4FCE00F04156 /* Release */ = {
			isa = XCBuildConfiguration;
			buildSettings = {
				BUNDLE_LOADER = "$(TEST_HOST)";
				CODE_SIGN_STYLE = Automatic;
				DEVELOPMENT_TEAM = PH88ZDAK72;
				INFOPLIST_FILE = hi414CTests/Info.plist;
				LD_RUNPATH_SEARCH_PATHS = (
					"$(inherited)",
					"@executable_path/Frameworks",
					"@loader_path/Frameworks",
				);
				PRODUCT_BUNDLE_IDENTIFIER = com.krynecouk.hi414CTests;
				PRODUCT_NAME = "$(TARGET_NAME)";
				SWIFT_VERSION = 5.0;
				TARGETED_DEVICE_FAMILY = "1,2";
				TEST_HOST = "$(BUILT_PRODUCTS_DIR)/hi414C.app/hi414C";
			};
			name = Release;
		};
/* End XCBuildConfiguration section */

/* Begin XCConfigurationList section */
		26BEC22125DD3B0A0035065E /* Build configuration list for PBXProject "hi414C" */ = {
			isa = XCConfigurationList;
			buildConfigurations = (
				26BEC23325DD3B0B0035065E /* Debug */,
				26BEC23425DD3B0B0035065E /* Release */,
			);
			defaultConfigurationIsVisible = 0;
			defaultConfigurationName = Release;
		};
		26BEC23525DD3B0B0035065E /* Build configuration list for PBXNativeTarget "hi414C" */ = {
			isa = XCConfigurationList;
			buildConfigurations = (
				26BEC23625DD3B0B0035065E /* Debug */,
				26BEC23725DD3B0B0035065E /* Release */,
			);
			defaultConfigurationIsVisible = 0;
			defaultConfigurationName = Release;
		};
		26F7A6C525FA4FCE00F04156 /* Build configuration list for PBXNativeTarget "hi414CTests" */ = {
			isa = XCConfigurationList;
			buildConfigurations = (
				26F7A6C625FA4FCE00F04156 /* Debug */,
				26F7A6C725FA4FCE00F04156 /* Release */,
			);
			defaultConfigurationIsVisible = 0;
			defaultConfigurationName = Release;
		};
/* End XCConfigurationList section */
	};
	rootObject = 26BEC21E25DD3B0A0035065E /* Project object */;
}
